github.com/aws/aws-sdk-go v1.22.2 h1:uYP58k2Cd9y1qBy8CxTe5ADmdi4kANm8Ul8ch3kkIcQ=
github.com/aws/aws-sdk-go v1.22.2/go.mod h1:KmX6BPdI08NWTb3/sm4ZGu5ShLoqVDhKgpiN924inxo=
github.com/golang/protobuf v0.0.0-20180522224251-3a3da3a4e267 h1:yohGa5fiUaf1iF9Y5HvdLyjl3HA0iuPBhAe0X0LKDqw=
github.com/golang/protobuf v0.0.0-20180522224251-3a3da3a4e267/go.mod h1:6lQm79b+lXiMfvg/cZm0SGofjICqVBUtrP5yJMmIC1U=
github.com/grafana/grafana v5.1.3+incompatible h1:BL8R/IAmq0U2NXaMTeSfP0sukb5bWXDC6KtGKdVDwvE=
github.com/grafana/grafana v5.1.3+incompatible/go.mod h1:U8QyUclJHj254BFcuw45p6sg7eeGYX44qn1ShYo5rGE=
github.com/grafana/grafana_plugin_model v0.0.0-20180118101258-dfe5dc0a6ce0 h1:3HLz6dslXI/Wgih8ti1qYegHqEAncmfB2eHm0XGYiRc=
github.com/grafana/grafana_plugin_model v0.0.0-20180118101258-dfe5dc0a6ce0/go.mod h1:70BFhO60E3e7kq+ssiouwX/HX5DvQ3L6XffdH0S2YfU=
github.com/hashicorp/go-hclog v0.0.0-20180402200405-69ff559dc25f h1:t34t/ySFIGsPOLQ/dCcKeCoErlqhXlNLYvPn7mVogzo=
github.com/hashicorp/go-hclog v0.0.0-20180402200405-69ff559dc25f/go.mod h1:9bjs9uLqI8l75knNv3lV1kA55veR+WUPSiKIWcQHudI=
github.com/hashicorp/go-plugin v0.0.0-20170828024549-3e6d191694b5 h1:mfD+PYlio50hDw9wiY+exwg3QeCVEsEAzH7KSxtXcNk=
github.com/hashicorp/go-plugin v0.0.0-20170828024549-3e6d191694b5/go.mod h1:JSqWYsict+jzcj0+xElxyrBQRPNoiWQuddnxArJ7XHQ=
github.com/hashicorp/yamux v0.0.0-20181012175058-2f1d1f20f75d h1:kJCB4vdITiW1eC1vq2e6IsrXKrZit1bv/TDYFGMp4BQ=
github.com/hashicorp/yamux v0.0.0-20181012175058-2f1d1f20f75d/go.mod h1:+NfK9FKeTrX5uv1uIXGdwYDTeHna2qgaIlx54MXqjAM=
github.com/jmespath/go-jmespath v0.0.0-20180206201540-c2b33e8439af h1:pmfjZENx5imkbgOkpRUYLnmbU7UEFbjtDA2hxJ1ichM=
github.com/jmespath/go-jmespath v0.0.0-20180206201540-c2b33e8439af/go.mod h1:Nht3zPeWKUH0NzdCt2Blrr5ys8VGpn0CEB0cQHVjt7k=
github.com/mitchellh/go-testing-interface v0.0.0-20171004221916-a61a99592b77 h1:7GoSOOW2jpsfkntVKaS2rAr1TJqfcxotyaUcuxoZSzg=
github.com/mitchellh/go-testing-interface v0.0.0-20171004221916-a61a99592b77/go.mod h1:kRemZodwjscx+RGhAo8eIhFbs2+BFgRtFPeD/KE+zxI=
golang.org/x/net v0.0.0-20180522190444-9ef9f5bb98a1 h1:+2KJRQYVS4oeIZqXrgNLH7FxyXp+eVs2kLuG5pWupfY=
golang.org/x/net v0.0.0-20180522190444-9ef9f5bb98a1/go.mod h1:mL1N/T3taQHkDXs73rZJwtUhF3w3ftmwwsq0BUmARs4=
golang.org/x/text v0.3.0 h1:g61tztE5qeGQ89tm6NTjjM9VPIm088od1l6aSorWRWg=
golang.org/x/text v0.3.0/go.mod h1:NqM8EUOU14njkJ3fqMW+pc6Ldnwhi/IjpwHt7yyuwOQ=
google.golang.org/genproto v0.0.0-20180518175338-11a468237815 h1:p3qKkjcSW6m32Lr1CInA3jW53vG29/JB6QOvQWie5WI=
google.golang.org/genproto v0.0.0-20180518175338-11a468237815/go.mod h1:JiN7NxoALGmiZfu7CAH4rXhgtRTLTxftemlI0sWmxmc=
google.golang.org/grpc v1.12.0 h1:Mm8atZtkT+P6R43n/dqNDWkPPu5BwRVu/1rJnJCeZH8=
google.golang.org/grpc v1.12.0/go.mod h1:yo6s7OP7yaDglbqo1J04qKzAhqBH6lvTonzMVmEdcZw=
